
Microsoft Visual Studio Solution File, Format Version 12.00
# Visual Studio Version 17
VisualStudioVersion = 17.6.33829.357
MinimumVisualStudioVersion = 10.0.40219.1
Project("{FAE04EC0-301F-11D3-BF4B-00C04F79EFBC}") = "Assignment-4-9", "Assignment-4-9.csproj", "{4B47F087-E7F3-44CE-90B2-086289255A48}"
EndProject
Global
	GlobalSection(SolutionConfigurationPlatforms) = preSolution
		Debug|Any CPU = Debug|Any CPU
		Release|Any CPU = Release|Any CPU
	EndGlobalSection
	GlobalSection(ProjectConfigurationPlatforms) = postSolution
		{4B47F087-E7F3-44CE-90B2-086289255A48}.Debug|Any CPU.ActiveCfg = Debug|Any CPU
		{4B47F087-E7F3-44CE-90B2-086289255A48}.Debug|Any CPU.Build.0 = Debug|Any CPU
		{4B47F087-E7F3-44CE-90B2-086289255A48}.Release|Any CPU.ActiveCfg = Release|Any CPU
		{4B47F087-E7F3-44CE-90B2-086289255A48}.Release|Any CPU.Build.0 = Release|Any CPU
	EndGlobalSection
	GlobalSection(SolutionProperties) = preSolution
		HideSolutionNode = FALSE
	EndGlobalSection
	GlobalSection(ExtensibilityGlobals) = postSolution
		SolutionGuid = {1A33B18B-F7D7-4555-B909-754081B5A342}
	EndGlobalSection
EndGlobal
